{
  "version": "5",
  "specifiers": {
    "npm:@modelcontextprotocol/server@2.2.0": "2.2.0",
    "npm:jose@6.2.12": "6.2.12",
    "npm:postgres@3.4.9": "3.4.9",
    "npm:zod@4.6.5": "4.6.5"
  },
  "npm": {
    "@modelcontextprotocol/core@2.2.0": {
      "integrity": "sha512-iLhmprRmWI8EcosOA3wVvww22z02NkgqhV4fBH6f/odQBsi7xnJc0HGmi21yWO+/iKw2yzqVE127Zhna5/+JXw==",
      "dependencies": [
        "zod"
      ]
    },
    "@modelcontextprotocol/server@2.2.0": {
      "integrity": "sha512-qFnltjus6Gk8Lx6J1w2RXmr3YPN22MNT6qD6zjAkaiWIlFIFxWClz0rXHNuJF/KSUyn5YGhkSvXkWDbQHVLFEQ==",
      "dependencies": [
        "@modelcontextprotocol/core",
        "zod"
      ]
    },
    "jose@6.2.12": {
      "integrity": "sha512-9NiFmJEex0sy2Dk58j2UGBSHgUs2ypF9eZSu4L6vjOX3Dp96Sw1F3uL+H+D1sx02jZZdzUT0HgvCy59CuvXcWw=="
    },
    "postgres@3.4.9": {
      "integrity": "sha512-GD3qdB0x1z9xgFI6cdRD6xu2Sp2WCOEoe3mtnyB5Ee0XrrL5Pe+e4CCnJrRMnL1zYtRDZmQQVbvOttLnKDLnaw=="
    },
    "zod@4.6.5": {
      "integrity": "sha512-v5l/aFXZQeai4awLbOpSoHecE9UiMrnfx75tEXLjNonXVARxQ5mOeipTjROUchszUNCqnE+hqAMujRsRHsut2Q=="
    }
  }
}
